
Microsoft Visual Studio Solution File, Format Version 12.00
# Visual Studio 14
VisualStudioVersion = 14.0.23107.0
MinimumVisualStudioVersion = 10.0.40219.1
Project("{FAE04EC0-301F-11D3-BF4B-00C04F79EFBC}") = "HealthCareModel", "HealthCareModel\HealthCareModel.csproj", "{A0C45089-B9B9-4974-8D88-6C55B8218D39}"
EndProject
Project("{FAE04EC0-301F-11D3-BF4B-00C04F79EFBC}") = "HealthCareWCFServices", "HealthCareWCFServices\HealthCareWCFServices.csproj", "{63165FFE-D687-4DD5-BA12-B401D6A5C562}"
EndProject
Project("{FAE04EC0-301F-11D3-BF4B-00C04F79EFBC}") = "HealthWebUI", "HealthWebUI\HealthWebUI.csproj", "{03AA5CFA-F85B-45F4-9569-35935288F5B7}"
EndProject
Project("{FAE04EC0-301F-11D3-BF4B-00C04F79EFBC}") = "AlarmPublisher", "AlarmPublisher\AlarmPublisher.csproj", "{10EC3553-818D-42CA-860E-0827AA27670C}"
	ProjectSection(ProjectDependencies) = postProject
		{63165FFE-D687-4DD5-BA12-B401D6A5C562} = {63165FFE-D687-4DD5-BA12-B401D6A5C562}
	EndProjectSection
EndProject
Project("{FAE04EC0-301F-11D3-BF4B-00C04F79EFBC}") = "AlarmReceiver", "AlarmReceiver\AlarmReceiver.csproj", "{51E73A4F-3664-4003-B75F-A23705E74DDA}"
EndProject
Global
	GlobalSection(SolutionConfigurationPlatforms) = preSolution
		Debug|Any CPU = Debug|Any CPU
		Release|Any CPU = Release|Any CPU
	EndGlobalSection
	GlobalSection(ProjectConfigurationPlatforms) = postSolution
		{A0C45089-B9B9-4974-8D88-6C55B8218D39}.Debug|Any CPU.ActiveCfg = Debug|Any CPU
		{A0C45089-B9B9-4974-8D88-6C55B8218D39}.Debug|Any CPU.Build.0 = Debug|Any CPU
		{A0C45089-B9B9-4974-8D88-6C55B8218D39}.Release|Any CPU.ActiveCfg = Release|Any CPU
		{A0C45089-B9B9-4974-8D88-6C55B8218D39}.Release|Any CPU.Build.0 = Release|Any CPU
		{63165FFE-D687-4DD5-BA12-B401D6A5C562}.Debug|Any CPU.ActiveCfg = Debug|Any CPU
		{63165FFE-D687-4DD5-BA12-B401D6A5C562}.Debug|Any CPU.Build.0 = Debug|Any CPU
		{63165FFE-D687-4DD5-BA12-B401D6A5C562}.Release|Any CPU.ActiveCfg = Release|Any CPU
		{63165FFE-D687-4DD5-BA12-B401D6A5C562}.Release|Any CPU.Build.0 = Release|Any CPU
		{03AA5CFA-F85B-45F4-9569-35935288F5B7}.Debug|Any CPU.ActiveCfg = Debug|Any CPU
		{03AA5CFA-F85B-45F4-9569-35935288F5B7}.Debug|Any CPU.Build.0 = Debug|Any CPU
		{03AA5CFA-F85B-45F4-9569-35935288F5B7}.Release|Any CPU.ActiveCfg = Release|Any CPU
		{03AA5CFA-F85B-45F4-9569-35935288F5B7}.Release|Any CPU.Build.0 = Release|Any CPU
		{10EC3553-818D-42CA-860E-0827AA27670C}.Debug|Any CPU.ActiveCfg = Debug|Any CPU
		{10EC3553-818D-42CA-860E-0827AA27670C}.Debug|Any CPU.Build.0 = Debug|Any CPU
		{10EC3553-818D-42CA-860E-0827AA27670C}.Release|Any CPU.ActiveCfg = Release|Any CPU
		{10EC3553-818D-42CA-860E-0827AA27670C}.Release|Any CPU.Build.0 = Release|Any CPU
		{51E73A4F-3664-4003-B75F-A23705E74DDA}.Debug|Any CPU.ActiveCfg = Debug|Any CPU
		{51E73A4F-3664-4003-B75F-A23705E74DDA}.Debug|Any CPU.Build.0 = Debug|Any CPU
		{51E73A4F-3664-4003-B75F-A23705E74DDA}.Release|Any CPU.ActiveCfg = Release|Any CPU
		{51E73A4F-3664-4003-B75F-A23705E74DDA}.Release|Any CPU.Build.0 = Release|Any CPU
	EndGlobalSection
	GlobalSection(SolutionProperties) = preSolution
		HideSolutionNode = FALSE
	EndGlobalSection
EndGlobal
